
Microsoft Visual Studio Solution File, Format Version 12.00
# Visual Studio Version 16
VisualStudioVersion = 16.0.30717.126
MinimumVisualStudioVersion = 10.0.40219.1
Project("{FAE04EC0-301F-11D3-BF4B-00C04F79EFBC}") = "ProjectMVC", "ProjectMVC\ProjectMVC.csproj", "{B8EF4E1D-CA4F-4006-8835-ACF542587028}"
EndProject
Global
	GlobalSection(SolutionConfigurationPlatforms) = preSolution
		Debug|Any CPU = Debug|Any CPU
		Release|Any CPU = Release|Any CPU
	EndGlobalSection
	GlobalSection(ProjectConfigurationPlatforms) = postSolution
		{B8EF4E1D-CA4F-4006-8835-ACF542587028}.Debug|Any CPU.ActiveCfg = Debug|Any CPU
		{B8EF4E1D-CA4F-4006-8835-ACF542587028}.Debug|Any CPU.Build.0 = Debug|Any CPU
		{B8EF4E1D-CA4F-4006-8835-ACF542587028}.Release|Any CPU.ActiveCfg = Release|Any CPU
		{B8EF4E1D-CA4F-4006-8835-ACF542587028}.Release|Any CPU.Build.0 = Release|Any CPU
	EndGlobalSection
	GlobalSection(SolutionProperties) = preSolution
		HideSolutionNode = FALSE
	EndGlobalSection
	GlobalSection(ExtensibilityGlobals) = postSolution
		SolutionGuid = {A1CA746E-3C18-435A-9E53-A17EB1FFB9AB}
	EndGlobalSection
EndGlobal
